// !$*UTF8*$!
{
	archiveVersion = 1;
	classes = {
	};
	objectVersion = 46;
	objects = {

/* Begin PBXBuildFile section */
		9A8917E21DF7C204003F63EF /* AppDelegate.swift in Sources */ = {isa = PBXBuildFile; fileRef = 9A8917E11DF7C204003F63EF /* AppDelegate.swift */; };
		9A8917E41DF7C204003F63EF /* ViewController.swift in Sources */ = {isa = PBXBuildFile; fileRef = 9A8917E31DF7C204003F63EF /* ViewController.swift */; };
		9A8917E71DF7C204003F63EF /* Main.storyboard in Resources */ = {isa = PBXBuildFile; fileRef = 9A8917E51DF7C204003F63EF /* Main.storyboard */; };
		9A8917E91DF7C204003F63EF /* Assets.xcassets in Resources */ = {isa = PBXBuildFile; fileRef = 9A8917E81DF7C204003F63EF /* Assets.xcassets */; };
		9A8917EC1DF7C204003F63EF /* LaunchScreen.storyboard in Resources */ = {isa = PBXBuildFile; fileRef = 9A8917EA1DF7C204003F63EF /* LaunchScreen.storyboard */; };
		9A8917F71DF7C204003F63EF /* PheripheralTests.swift in Sources */ = {isa = PBXBuildFile; fileRef = 9A8917F61DF7C204003F63EF /* PheripheralTests.swift */; };
		9A8918021DF7C204003F63EF /* PheripheralUITests.swift in Sources */ = {isa = PBXBuildFile; fileRef = 9A8918011DF7C204003F63EF /* PheripheralUITests.swift */; };
/* End PBXBuildFile section */

/* Begin PBXContainerItemProxy section */
		9A8917F31DF7C204003F63EF /* PBXContainerItemProxy */ = {
			isa = PBXContainerItemProxy;
			containerPortal = 9A8917D61DF7C204003F63EF /* Project object */;
			proxyType = 1;
			remoteGlobalIDString = 9A8917DD1DF7C204003F63EF;
			remoteInfo = Pheripheral;
		};
		9A8917FE1DF7C204003F63EF /* PBXContainerItemProxy */ = {
			isa = PBXContainerItemProxy;
			containerPortal = 9A8917D61DF7C204003F63EF /* Project object */;
			proxyType = 1;
			remoteGlobalIDString = 9A8917DD1DF7C204003F63EF;
			remoteInfo = Pheripheral;
		};
/* End PBXContainerItemProxy section */

/* Begin PBXFileReference section */
		9A8917DE1DF7C204003F63EF /* Pheripheral.app */ = {isa = PBXFileReference; explicitFileType = wrapper.application; includeInIndex = 0; path = Pheripheral.app; sourceTree = BUILT_PRODUCTS_DIR; };
		9A8917E11DF7C204003F63EF /* AppDelegate.swift */ = {isa = PBXFileReference; lastKnownFileType = sourcecode.swift; path = AppDelegate.swift; sourceTree = "<group>"; };
		9A8917E31DF7C204003F63EF /* ViewController.swift */ = {isa = PBXFileReference; lastKnownFileType = sourcecode.swift; path = ViewController.swift; sourceTree = "<group>"; };
		9A8917E61DF7C204003F63EF /* Base */ = {isa = PBXFileReference; lastKnownFileType = file.storyboard; name = Base; path = Base.lproj/Main.storyboard; sourceTree = "<group>"; };
		9A8917E81DF7C204003F63EF /* Assets.xcassets */ = {isa = PBXFileReference; lastKnownFileType = folder.assetcatalog; path = Assets.xcassets; sourceTree = "<group>"; };
		9A8917EB1DF7C204003F63EF /* Base */ = {isa = PBXFileReference; lastKnownFileType = file.storyboard; name = Base; path = Base.lproj/LaunchScreen.storyboard; sourceTree = "<group>"; };
		9A8917ED1DF7C204003F63EF /* Info.plist */ = {isa = PBXFileReference; lastKnownFileType = text.plist.xml; path = Info.plist; sourceTree = "<group>"; };
		9A8917F21DF7C204003F63EF /* PheripheralTests.xctest */ = {isa = PBXFileReference; explicitFileType = wrapper.cfbundle; includeInIndex = 0; path = PheripheralTests.xctest; sourceTree = BUILT_PRODUCTS_DIR; };
		9A8917F61DF7C204003F63EF /* PheripheralTests.swift */ = {isa = PBXFileReference; lastKnownFileType = sourcecode.swift; path = PheripheralTests.swift; sourceTree = "<group>"; };
		9A8917F81DF7C204003F63EF /* Info.plist */ = {isa = PBXFileReference; lastKnownFileType = text.plist.xml; path = Info.plist; sourceTree = "<group>"; };
		9A8917FD1DF7C204003F63EF /* PheripheralUITests.xctest */ = {isa = PBXFileReference; explicitFileType = wrapper.cfbundle; includeInIndex = 0; path = PheripheralUITests.xctest; sourceTree = BUILT_PRODUCTS_DIR; };
		9A8918011DF7C204003F63EF /* PheripheralUITests.swift */ = {isa = PBXFileReference; lastKnownFileType = sourcecode.swift; path = PheripheralUITests.swift; sourceTree = "<group>"; };
		9A8918031DF7C204003F63EF /* Info.plist */ = {isa = PBXFileReference; lastKnownFileType = text.plist.xml; path = Info.plist; sourceTree = "<group>"; };
/* End PBXFileReference section */

/* Begin PBXFrameworksBuildPhase section */
		9A8917DB1DF7C204003F63EF /* Frameworks */ = {
			isa = PBXFrameworksBuildPhase;
			buildActionMask = 2147483647;
			files = (
			);
			runOnlyForDeploymentPostprocessing = 0;
		};
		9A8917EF1DF7C204003F63EF /* Frameworks */ = {
			isa = PBXFrameworksBuildPhase;
			buildActionMask = 2147483647;
			files = (
			);
			runOnlyForDeploymentPostprocessing = 0;
		};
		9A8917FA1DF7C204003F63EF /* Frameworks */ = {
			isa = PBXFrameworksBuildPhase;
			buildActionMask = 2147483647;
			files = (
			);
			runOnlyForDeploymentPostprocessing = 0;
		};
/* End PBXFrameworksBuildPhase section */

/* Begin PBXGroup section */
		9A8917D51DF7C204003F63EF = {
			isa = PBXGroup;
			children = (
				9A8917E01DF7C204003F63EF /* Pheripheral */,
				9A8917F51DF7C204003F63EF /* PheripheralTests */,
				9A8918001DF7C204003F63EF /* PheripheralUITests */,
				9A8917DF1DF7C204003F63EF /* Products */,
			);
			sourceTree = "<group>";
		};
		9A8917DF1DF7C204003F63EF /* Products */ = {
			isa = PBXGroup;
			children = (
				9A8917DE1DF7C204003F63EF /* Pheripheral.app */,
				9A8917F21DF7C204003F63EF /* PheripheralTests.xctest */,
				9A8917FD1DF7C204003F63EF /* PheripheralUITests.xctest */,
			);
			name = Products;
			sourceTree = "<group>";
		};
		9A8917E01DF7C204003F63EF /* Pheripheral */ = {
			isa = PBXGroup;
			children = (
				9A8917E11DF7C204003F63EF /* AppDelegate.swift */,
				9A8917E31DF7C204003F63EF /* ViewController.swift */,
				9A8917E51DF7C204003F63EF /* Main.storyboard */,
				9A8917E81DF7C204003F63EF /* Assets.xcassets */,
				9A8917EA1DF7C204003F63EF /* LaunchScreen.storyboard */,
				9A8917ED1DF7C204003F63EF /* Info.plist */,
			);
			path = Pheripheral;
			sourceTree = "<group>";
		};
		9A8917F51DF7C204003F63EF /* PheripheralTests */ = {
			isa = PBXGroup;
			children = (
				9A8917F61DF7C204003F63EF /* PheripheralTests.swift */,
				9A8917F81DF7C204003F63EF /* Info.plist */,
			);
			path = PheripheralTests;
			sourceTree = "<group>";
		};
		9A8918001DF7C204003F63EF /* PheripheralUITests */ = {
			isa = PBXGroup;
			children = (
				9A8918011DF7C204003F63EF /* PheripheralUITests.swift */,
				9A8918031DF7C204003F63EF /* Info.plist */,
			);
			path = PheripheralUITests;
			sourceTree = "<group>";
		};
/* End PBXGroup section */

/* Begin PBXNativeTarget section */
		9A8917DD1DF7C204003F63EF /* Pheripheral */ = {
			isa = PBXNativeTarget;
			buildConfigurationList = 9A8918061DF7C204003F63EF /* Build configuration list for PBXNativeTarget "Pheripheral" */;
			buildPhases = (
				9A8917DA1DF7C204003F63EF /* Sources */,
				9A8917DB1DF7C204003F63EF /* Frameworks */,
				9A8917DC1DF7C204003F63EF /* Resources */,
			);
			buildRules = (
			);
			dependencies = (
			);
			name = Pheripheral;
			productName = Pheripheral;
			productReference = 9A8917DE1DF7C204003F63EF /* Pheripheral.app */;
			productType = "com.apple.product-type.application";
		};
		9A8917F11DF7C204003F63EF /* PheripheralTests */ = {
			isa = PBXNativeTarget;
			buildConfigurationList = 9A8918091DF7C204003F63EF /* Build configuration list for PBXNativeTarget "PheripheralTests" */;
			buildPhases = (
				9A8917EE1DF7C204003F63EF /* Sources */,
				9A8917EF1DF7C204003F63EF /* Frameworks */,
				9A8917F01DF7C204003F63EF /* Resources */,
			);
			buildRules = (
			);
			dependencies = (
				9A8917F41DF7C204003F63EF /* PBXTargetDependency */,
			);
			name = PheripheralTests;
			productName = PheripheralTests;
			productReference = 9A8917F21DF7C204003F63EF /* PheripheralTests.xctest */;
			productType = "com.apple.product-type.bundle.unit-test";
		};
		9A8917FC1DF7C204003F63EF /* PheripheralUITests */ = {
			isa = PBXNativeTarget;
			buildConfigurationList = 9A89180C1DF7C204003F63EF /* Build configuration list for PBXNativeTarget "PheripheralUITests" */;
			buildPhases = (
				9A8917F91DF7C204003F63EF /* Sources */,
				9A8917FA1DF7C204003F63EF /* Frameworks */,
				9A8917FB1DF7C204003F63EF /* Resources */,
			);
			buildRules = (
			);
			dependencies = (
				9A8917FF1DF7C204003F63EF /* PBXTargetDependency */,
			);
			name = PheripheralUITests;
			productName = PheripheralUITests;
			productReference = 9A8917FD1DF7C204003F63EF /* PheripheralUITests.xctest */;
			productType = "com.apple.product-type.bundle.ui-testing";
		};
/* End PBXNativeTarget section */

/* Begin PBXProject section */
		9A8917D61DF7C204003F63EF /* Project object */ = {
			isa = PBXProject;
			attributes = {
				LastSwiftUpdateCheck = 0810;
				LastUpgradeCheck = 0810;
				ORGANIZATIONNAME = wakabayashi;
				TargetAttributes = {
					9A8917DD1DF7C204003F63EF = {
						CreatedOnToolsVersion = 8.1;
						DevelopmentTeam = 2P8389YZPG;
						ProvisioningStyle = Automatic;
					};
					9A8917F11DF7C204003F63EF = {
						CreatedOnToolsVersion = 8.1;
						ProvisioningStyle = Automatic;
						TestTargetID = 9A8917DD1DF7C204003F63EF;
					};
					9A8917FC1DF7C204003F63EF = {
						CreatedOnToolsVersion = 8.1;
						ProvisioningStyle = Automatic;
						TestTargetID = 9A8917DD1DF7C204003F63EF;
					};
				};
			};
			buildConfigurationList = 9A8917D91DF7C204003F63EF /* Build configuration list for PBXProject "Pheripheral" */;
			compatibilityVersion = "Xcode 3.2";
			developmentRegion = English;
			hasScannedForEncodings = 0;
			knownRegions = (
				en,
				Base,
			);
			mainGroup = 9A8917D51DF7C204003F63EF;
			productRefGroup = 9A8917DF1DF7C204003F63EF /* Products */;
			projectDirPath = "";
			projectRoot = "";
			targets = (
				9A8917DD1DF7C204003F63EF /* Pheripheral */,
				9A8917F11DF7C204003F63EF /* PheripheralTests */,
				9A8917FC1DF7C204003F63EF /* PheripheralUITests */,
			);
		};
/* End PBXProject section */

/* Begin PBXResourcesBuildPhase section */
		9A8917DC1DF7C204003F63EF /* Resources */ = {
			isa = PBXResourcesBuildPhase;
			buildActionMask = 2147483647;
			files = (
				9A8917EC1DF7C204003F63EF /* LaunchScreen.storyboard in Resources */,
				9A8917E91DF7C204003F63EF /* Assets.xcassets in Resources */,
				9A8917E71DF7C204003F63EF /* Main.storyboard in Resources */,
			);
			runOnlyForDeploymentPostprocessing = 0;
		};
		9A8917F01DF7C204003F63EF /* Resources */ = {
			isa = PBXResourcesBuildPhase;
			buildActionMask = 2147483647;
			files = (
			);
			runOnlyForDeploymentPostprocessing = 0;
		};
		9A8917FB1DF7C204003F63EF /* Resources */ = {
			isa = PBXResourcesBuildPhase;
			buildActionMask = 2147483647;
			files = (
			);
			runOnlyForDeploymentPostprocessing = 0;
		};
/* End PBXResourcesBuildPhase section */

/* Begin PBXSourcesBuildPhase section */
		9A8917DA1DF7C204003F63EF /* Sources */ = {
			isa = PBXSourcesBuildPhase;
			buildActionMask = 2147483647;
			files = (
				9A8917E41DF7C204003F63EF /* ViewController.swift in Sources */,
				9A8917E21DF7C204003F63EF /* AppDelegate.swift in Sources */,
			);
			runOnlyForDeploymentPostprocessing = 0;
		};
		9A8917EE1DF7C204003F63EF /* Sources */ = {
			isa = PBXSourcesBuildPhase;
			buildActionMask = 2147483647;
			files = (
				9A8917F71DF7C204003F63EF /* PheripheralTests.swift in Sources */,
			);
			runOnlyForDeploymentPostprocessing = 0;
		};
		9A8917F91DF7C204003F63EF /* Sources */ = {
			isa = PBXSourcesBuildPhase;
			buildActionMask = 2147483647;
			files = (
				9A8918021DF7C204003F63EF /* PheripheralUITests.swift in Sources */,
			);
			runOnlyForDeploymentPostprocessing = 0;
		};
/* End PBXSourcesBuildPhase section */

/* Begin PBXTargetDependency section */
		9A8917F41DF7C204003F63EF /* PBXTargetDependency */ = {
			isa = PBXTargetDependency;
			target = 9A8917DD1DF7C204003F63EF /* Pheripheral */;
			targetProxy = 9A8917F31DF7C204003F63EF /* PBXContainerItemProxy */;
		};
		9A8917FF1DF7C204003F63EF /* PBXTargetDependency */ = {
			isa = PBXTargetDependency;
			target = 9A8917DD1DF7C204003F63EF /* Pheripheral */;
			targetProxy = 9A8917FE1DF7C204003F63EF /* PBXContainerItemProxy */;
		};
/* End PBXTargetDependency section */

/* Begin PBXVariantGroup section */
		9A8917E51DF7C204003F63EF /* Main.storyboard */ = {
			isa = PBXVariantGroup;
			children = (
				9A8917E61DF7C204003F63EF /* Base */,
			);
			name = Main.storyboard;
			sourceTree = "<group>";
		};
		9A8917EA1DF7C204003F63EF /* LaunchScreen.storyboard */ = {
			isa = PBXVariantGroup;
			children = (
				9A8917EB1DF7C204003F63EF /* Base */,
			);
			name = LaunchScreen.storyboard;
			sourceTree = "<group>";
		};
/* End PBXVariantGroup section */

/* Begin XCBuildConfiguration section */
		9A8918041DF7C204003F63EF /* Debug */ = {
			isa = XCBuildConfiguration;
			buildSettings = {
				ALWAYS_SEARCH_USER_PATHS = NO;
				CLANG_ANALYZER_NONNULL = YES;
				CLANG_CXX_LANGUAGE_STANDARD = "gnu++0x";
				CLANG_CXX_LIBRARY = "libc++";
				CLANG_ENABLE_MODULES = YES;
				CLANG_ENABLE_OBJC_ARC = YES;
				CLANG_WARN_BOOL_CONVERSION = YES;
				CLANG_WARN_CONSTANT_CONVERSION = YES;
				CLANG_WARN_DIRECT_OBJC_ISA_USAGE = YES_ERROR;
				CLANG_WARN_DOCUMENTATION_COMMENTS = YES;
				CLANG_WARN_EMPTY_BODY = YES;
				CLANG_WARN_ENUM_CONVERSION = YES;
				CLANG_WARN_INFINITE_RECURSION = YES;
				CLANG_WARN_INT_CONVERSION = YES;
				CLANG_WARN_OBJC_ROOT_CLASS = YES_ERROR;
				CLANG_WARN_SUSPICIOUS_MOVES = YES;
				CLANG_WARN_UNREACHABLE_CODE = YES;
				CLANG_WARN__DUPLICATE_METHOD_MATCH = YES;
				"CODE_SIGN_IDENTITY[sdk=iphoneos*]" = "iPhone Developer";
				COPY_PHASE_STRIP = NO;
				DEBUG_INFORMATION_FORMAT = dwarf;
				ENABLE_STRICT_OBJC_MSGSEND = YES;
				ENABLE_TESTABILITY = YES;
				GCC_C_LANGUAGE_STANDARD = gnu99;
				GCC_DYNAMIC_NO_PIC = NO;
				GCC_NO_COMMON_BLOCKS = YES;
				GCC_OPTIMIZATION_LEVEL = 0;
				GCC_PREPROCESSOR_DEFINITIONS = (
					"DEBUG=1",
					"$(inherited)",
				);
				GCC_WARN_64_TO_32_BIT_CONVERSION = YES;
				GCC_WARN_ABOUT_RETURN_TYPE = YES_ERROR;
				GCC_WARN_UNDECLARED_SELECTOR = YES;
				GCC_WARN_UNINITIALIZED_AUTOS = YES_AGGRESSIVE;
				GCC_WARN_UNUSED_FUNCTION = YES;
				GCC_WARN_UNUSED_VARIABLE = YES;
				IPHONEOS_DEPLOYMENT_TARGET = 10.1;
				MTL_ENABLE_DEBUG_INFO = YES;
				ONLY_ACTIVE_ARCH = YES;
				SDKROOT = iphoneos;
				SWIFT_ACTIVE_COMPILATION_CONDITIONS = DEBUG;
				SWIFT_OPTIMIZATION_LEVEL = "-Onone";
				TARGETED_DEVICE_FAMILY = "1,2";
			};
			name = Debug;
		};
		9A8918051DF7C204003F63EF /* Release */ = {
			isa = XCBuildConfiguration;
			buildSettings = {
				ALWAYS_SEARCH_USER_PATHS = NO;
				CLANG_ANALYZER_NONNULL = YES;
				CLANG_CXX_LANGUAGE_STANDARD = "gnu++0x";
				CLANG_CXX_LIBRARY = "libc++";
				CLANG_ENABLE_MODULES = YES;
				CLANG_ENABLE_OBJC_ARC = YES;
				CLANG_WARN_BOOL_CONVERSION = YES;
				CLANG_WARN_CONSTANT_CONVERSION = YES;
				CLANG_WARN_DIRECT_OBJC_ISA_USAGE = YES_ERROR;
				CLANG_WARN_DOCUMENTATION_COMMENTS = YES;
				CLANG_WARN_EMPTY_BODY = YES;
				CLANG_WARN_ENUM_CONVERSION = YES;
				CLANG_WARN_INFINITE_RECURSION = YES;
				CLANG_WARN_INT_CONVERSION = YES;
				CLANG_WARN_OBJC_ROOT_CLASS = YES_ERROR;
				CLANG_WARN_SUSPICIOUS_MOVES = YES;
				CLANG_WARN_UNREACHABLE_CODE = YES;
				CLANG_WARN__DUPLICATE_METHOD_MATCH = YES;
				"CODE_SIGN_IDENTITY[sdk=iphoneos*]" = "iPhone Developer";
				COPY_PHASE_STRIP = NO;
				DEBUG_INFORMATION_FORMAT = "dwarf-with-dsym";
				ENABLE_NS_ASSERTIONS = NO;
				ENABLE_STRICT_OBJC_MSGSEND = YES;
				GCC_C_LANGUAGE_STANDARD = gnu99;
				GCC_NO_COMMON_BLOCKS = YES;
				GCC_WARN_64_TO_32_BIT_CONVERSION = YES;
				GCC_WARN_ABOUT_RETURN_TYPE = YES_ERROR;
				GCC_WARN_UNDECLARED_SELECTOR = YES;
				GCC_WARN_UNINITIALIZED_AUTOS = YES_AGGRESSIVE;
				GCC_WARN_UNUSED_FUNCTION = YES;
				GCC_WARN_UNUSED_VARIABLE = YES;
				IPHONEOS_DEPLOYMENT_TARGET = 10.1;
				MTL_ENABLE_DEBUG_INFO = NO;
				SDKROOT = iphoneos;
				SWIFT_OPTIMIZATION_LEVEL = "-Owholemodule";
				TARGETED_DEVICE_FAMILY = "1,2";
				VALIDATE_PRODUCT = YES;
			};
			name = Release;
		};
		9A8918071DF7C204003F63EF /* Debug */ = {
			isa = XCBuildConfiguration;
			buildSettings = {
				ASSETCATALOG_COMPILER_APPICON_NAME = AppIcon;
				DEVELOPMENT_TEAM = 2P8389YZPG;
				INFOPLIST_FILE = Pheripheral/Info.plist;
				LD_RUNPATH_SEARCH_PATHS = "$(inherited) @executable_path/Frameworks";
				PRODUCT_BUNDLE_IDENTIFIER = com.dedddd;
				PRODUCT_NAME = "$(TARGET_NAME)";
				SWIFT_VERSION = 3.0;
			};
			name = Debug;
		};
		9A8918081DF7C204003F63EF /* Release */ = {
			isa = XCBuildConfiguration;
			buildSettings = {
				ASSETCATALOG_COMPILER_APPICON_NAME = AppIcon;
				DEVELOPMENT_TEAM = 2P8389YZPG;
				INFOPLIST_FILE = Pheripheral/Info.plist;
				LD_RUNPATH_SEARCH_PATHS = "$(inherited) @executable_path/Frameworks";
				PRODUCT_BUNDLE_IDENTIFIER = com.dedddd;
				PRODUCT_NAME = "$(TARGET_NAME)";
				SWIFT_VERSION = 3.0;
			};
			name = Release;
		};
		9A89180A1DF7C204003F63EF /* Debug */ = {
			isa = XCBuildConfiguration;
			buildSettings = {
				ALWAYS_EMBED_SWIFT_STANDARD_LIBRARIES = YES;
				BUNDLE_LOADER = "$(TEST_HOST)";
				INFOPLIST_FILE = PheripheralTests/Info.plist;
				LD_RUNPATH_SEARCH_PATHS = "$(inherited) @executable_path/Frameworks @loader_path/Frameworks";
				PRODUCT_BUNDLE_IDENTIFIER = com.dedddd.PheripheralTests;
				PRODUCT_NAME = "$(TARGET_NAME)";
				SWIFT_VERSION = 3.0;
				TEST_HOST = "$(BUILT_PRODUCTS_DIR)/Pheripheral.app/Pheripheral";
			};
			name = Debug;
		};
		9A89180B1DF7C204003F63EF /* Release */ = {
			isa = XCBuildConfiguration;
			buildSettings = {
				ALWAYS_EMBED_SWIFT_STANDARD_LIBRARIES = YES;
				BUNDLE_LOADER = "$(TEST_HOST)";
				INFOPLIST_FILE = PheripheralTests/Info.plist;
				LD_RUNPATH_SEARCH_PATHS = "$(inherited) @executable_path/Frameworks @loader_path/Frameworks";
				PRODUCT_BUNDLE_IDENTIFIER = com.dedddd.PheripheralTests;
				PRODUCT_NAME = "$(TARGET_NAME)";
				SWIFT_VERSION = 3.0;
				TEST_HOST = "$(BUILT_PRODUCTS_DIR)/Pheripheral.app/Pheripheral";
			};
			name = Release;
		};
		9A89180D1DF7C204003F63EF /* Debug */ = {
			isa = XCBuildConfiguration;
			buildSettings = {
				ALWAYS_EMBED_SWIFT_STANDARD_LIBRARIES = YES;
				INFOPLIST_FILE = PheripheralUITests/Info.plist;
				LD_RUNPATH_SEARCH_PATHS = "$(inherited) @executable_path/Frameworks @loader_path/Frameworks";
				PRODUCT_BUNDLE_IDENTIFIER = com.dedddd.PheripheralUITests;
				PRODUCT_NAME = "$(TARGET_NAME)";
				SWIFT_VERSION = 3.0;
				TEST_TARGET_NAME = Pheripheral;
			};
			name = Debug;
		};
		9A89180E1DF7C204003F63EF /* Release */ = {
			isa = XCBuildConfiguration;
			buildSettings = {
				ALWAYS_EMBED_SWIFT_STANDARD_LIBRARIES = YES;
				INFOPLIST_FILE = PheripheralUITests/Info.plist;
				LD_RUNPATH_SEARCH_PATHS = "$(inherited) @executable_path/Frameworks @loader_path/Frameworks";
				PRODUCT_BUNDLE_IDENTIFIER = com.dedddd.PheripheralUITests;
				PRODUCT_NAME = "$(TARGET_NAME)";
				SWIFT_VERSION = 3.0;
				TEST_TARGET_NAME = Pheripheral;
			};
			name = Release;
		};
/* End XCBuildConfiguration section */

/* Begin XCConfigurationList section */
		9A8917D91DF7C204003F63EF /* Build configuration list for PBXProject "Pheripheral" */ = {
			isa = XCConfigurationList;
			buildConfigurations = (
				9A8918041DF7C204003F63EF /* Debug */,
				9A8918051DF7C204003F63EF /* Release */,
			);
			defaultConfigurationIsVisible = 0;
			defaultConfigurationName = Release;
		};
		9A8918061DF7C204003F63EF /* Build configuration list for PBXNativeTarget "Pheripheral" */ = {
			isa = XCConfigurationList;
			buildConfigurations = (
				9A8918071DF7C204003F63EF /* Debug */,
				9A8918081DF7C204003F63EF /* Release */,
			);
			defaultConfigurationIsVisible = 0;
		};
		9A8918091DF7C204003F63EF /* Build configuration list for PBXNativeTarget "PheripheralTests" */ = {
			isa = XCConfigurationList;
			buildConfigurations = (
				9A89180A1DF7C204003F63EF /* Debug */,
				9A89180B1DF7C204003F63EF /* Release */,
			);
			defaultConfigurationIsVisible = 0;
		};
		9A89180C1DF7C204003F63EF /* Build configuration list for PBXNativeTarget "PheripheralUITests" */ = {
			isa = XCConfigurationList;
			buildConfigurations = (
				9A89180D1DF7C204003F63EF /* Debug */,
				9A89180E1DF7C204003F63EF /* Release */,
			);
			defaultConfigurationIsVisible = 0;
		};
/* End XCConfigurationList section */
	};
	rootObject = 9A8917D61DF7C204003F63EF /* Project object */;
}
